// !$*UTF8*$!
{
	archiveVersion = 1;
	classes = {
	};
	objectVersion = 53;
	objects = {

/* Begin PBXBuildFile section */
		1912A421274E8A4B00AE854B /* MoviesAPI.swift in Sources */ = {isa = PBXBuildFile; fileRef = 1912A420274E8A4B00AE854B /* MoviesAPI.swift */; };
		19E1CBE22744687100BB0CDB /* AppDelegate.swift in Sources */ = {isa = PBXBuildFile; fileRef = 19E1CBE12744687100BB0CDB /* AppDelegate.swift */; };
		19E1CBE42744687100BB0CDB /* SceneDelegate.swift in Sources */ = {isa = PBXBuildFile; fileRef = 19E1CBE32744687100BB0CDB /* SceneDelegate.swift */; };
		19E1CBE62744687100BB0CDB /* ViewController.swift in Sources */ = {isa = PBXBuildFile; fileRef = 19E1CBE52744687100BB0CDB /* ViewController.swift */; };
		19E1CBEB2744687200BB0CDB /* Assets.xcassets in Resources */ = {isa = PBXBuildFile; fileRef = 19E1CBEA2744687200BB0CDB /* Assets.xcassets */; };
		19E1CBF92744687200BB0CDB /* ios_trab_finalTests.swift in Sources */ = {isa = PBXBuildFile; fileRef = 19E1CBF82744687200BB0CDB /* ios_trab_finalTests.swift */; };
		19E1CC032744687300BB0CDB /* ios_trab_finalUITests.swift in Sources */ = {isa = PBXBuildFile; fileRef = 19E1CC022744687300BB0CDB /* ios_trab_finalUITests.swift */; };
		19E1CC052744687300BB0CDB /* ios_trab_finalUITestsLaunchTests.swift in Sources */ = {isa = PBXBuildFile; fileRef = 19E1CC042744687300BB0CDB /* ios_trab_finalUITestsLaunchTests.swift */; };
		19E1CC152744739500BB0CDB /* InitialView.swift in Sources */ = {isa = PBXBuildFile; fileRef = 19E1CC142744739500BB0CDB /* InitialView.swift */; };
		19E1CC162744739500BB0CDB /* InitialView.swift in Sources */ = {isa = PBXBuildFile; fileRef = 19E1CC142744739500BB0CDB /* InitialView.swift */; };
		19E1CC172744739500BB0CDB /* InitialView.swift in Sources */ = {isa = PBXBuildFile; fileRef = 19E1CC142744739500BB0CDB /* InitialView.swift */; };
		19E1CC19274473A500BB0CDB /* DetailView.swift in Sources */ = {isa = PBXBuildFile; fileRef = 19E1CC18274473A500BB0CDB /* DetailView.swift */; };
		19E1CC1A274473A500BB0CDB /* DetailView.swift in Sources */ = {isa = PBXBuildFile; fileRef = 19E1CC18274473A500BB0CDB /* DetailView.swift */; };
		19E1CC1B274473A500BB0CDB /* DetailView.swift in Sources */ = {isa = PBXBuildFile; fileRef = 19E1CC18274473A500BB0CDB /* DetailView.swift */; };
		19E1CC1D274473B700BB0CDB /* InitialCollectionViewController.swift in Sources */ = {isa = PBXBuildFile; fileRef = 19E1CC1C274473B700BB0CDB /* InitialCollectionViewController.swift */; };
		19E1CC1E274473B700BB0CDB /* InitialCollectionViewController.swift in Sources */ = {isa = PBXBuildFile; fileRef = 19E1CC1C274473B700BB0CDB /* InitialCollectionViewController.swift */; };
		19E1CC1F274473B700BB0CDB /* InitialCollectionViewController.swift in Sources */ = {isa = PBXBuildFile; fileRef = 19E1CC1C274473B700BB0CDB /* InitialCollectionViewController.swift */; };
		19E1CC21274473CE00BB0CDB /* DetaillViewController.swift in Sources */ = {isa = PBXBuildFile; fileRef = 19E1CC20274473CE00BB0CDB /* DetaillViewController.swift */; };
		19E1CC22274473CE00BB0CDB /* DetaillViewController.swift in Sources */ = {isa = PBXBuildFile; fileRef = 19E1CC20274473CE00BB0CDB /* DetaillViewController.swift */; };
		19E1CC23274473CE00BB0CDB /* DetaillViewController.swift in Sources */ = {isa = PBXBuildFile; fileRef = 19E1CC20274473CE00BB0CDB /* DetaillViewController.swift */; };
		19E1CC25274473E400BB0CDB /* InitialViewProps.swift in Sources */ = {isa = PBXBuildFile; fileRef = 19E1CC24274473E400BB0CDB /* InitialViewProps.swift */; };
		19E1CC26274473E400BB0CDB /* InitialViewProps.swift in Sources */ = {isa = PBXBuildFile; fileRef = 19E1CC24274473E400BB0CDB /* InitialViewProps.swift */; };
		19E1CC27274473E400BB0CDB /* InitialViewProps.swift in Sources */ = {isa = PBXBuildFile; fileRef = 19E1CC24274473E400BB0CDB /* InitialViewProps.swift */; };
		19E1CC29274473F900BB0CDB /* DetailViewProps.swift in Sources */ = {isa = PBXBuildFile; fileRef = 19E1CC28274473F900BB0CDB /* DetailViewProps.swift */; };
		19E1CC2A274473F900BB0CDB /* DetailViewProps.swift in Sources */ = {isa = PBXBuildFile; fileRef = 19E1CC28274473F900BB0CDB /* DetailViewProps.swift */; };
		19E1CC2B274473F900BB0CDB /* DetailViewProps.swift in Sources */ = {isa = PBXBuildFile; fileRef = 19E1CC28274473F900BB0CDB /* DetailViewProps.swift */; };
		19E1CC2E2744746100BB0CDB /* ViewModel.swift in Sources */ = {isa = PBXBuildFile; fileRef = 19E1CC2D2744746100BB0CDB /* ViewModel.swift */; };
		19E1CC2F2744746100BB0CDB /* ViewModel.swift in Sources */ = {isa = PBXBuildFile; fileRef = 19E1CC2D2744746100BB0CDB /* ViewModel.swift */; };
		19E1CC302744746100BB0CDB /* ViewModel.swift in Sources */ = {isa = PBXBuildFile; fileRef = 19E1CC2D2744746100BB0CDB /* ViewModel.swift */; };
		DCBCC97569B31F43893E5A45 /* Pods_ios_trab_final.framework in Frameworks */ = {isa = PBXBuildFile; fileRef = 4C9AF8B88071B51AE7B845A3 /* Pods_ios_trab_final.framework */; };
/* End PBXBuildFile section */

/* Begin PBXContainerItemProxy section */
		19E1CBF52744687200BB0CDB /* PBXContainerItemProxy */ = {
			isa = PBXContainerItemProxy;
			containerPortal = 19E1CBD62744687100BB0CDB /* Project object */;
			proxyType = 1;
			remoteGlobalIDString = 19E1CBDD2744687100BB0CDB;
			remoteInfo = "ios-trab-final";
		};
		19E1CBFF2744687300BB0CDB /* PBXContainerItemProxy */ = {
			isa = PBXContainerItemProxy;
			containerPortal = 19E1CBD62744687100BB0CDB /* Project object */;
			proxyType = 1;
			remoteGlobalIDString = 19E1CBDD2744687100BB0CDB;
			remoteInfo = "ios-trab-final";
		};
/* End PBXContainerItemProxy section */

/* Begin PBXFileReference section */
		1912A420274E8A4B00AE854B /* MoviesAPI.swift */ = {isa = PBXFileReference; lastKnownFileType = sourcecode.swift; path = MoviesAPI.swift; sourceTree = "<group>"; };
		19E1CBDE2744687100BB0CDB /* ios-trab-final.app */ = {isa = PBXFileReference; explicitFileType = wrapper.application; includeInIndex = 0; path = "ios-trab-final.app"; sourceTree = BUILT_PRODUCTS_DIR; };
		19E1CBE12744687100BB0CDB /* AppDelegate.swift */ = {isa = PBXFileReference; lastKnownFileType = sourcecode.swift; path = AppDelegate.swift; sourceTree = "<group>"; };
		19E1CBE32744687100BB0CDB /* SceneDelegate.swift */ = {isa = PBXFileReference; lastKnownFileType = sourcecode.swift; path = SceneDelegate.swift; sourceTree = "<group>"; };
		19E1CBE52744687100BB0CDB /* ViewController.swift */ = {isa = PBXFileReference; lastKnownFileType = sourcecode.swift; path = ViewController.swift; sourceTree = "<group>"; };
		19E1CBEA2744687200BB0CDB /* Assets.xcassets */ = {isa = PBXFileReference; lastKnownFileType = folder.assetcatalog; path = Assets.xcassets; sourceTree = "<group>"; };
		19E1CBEF2744687200BB0CDB /* Info.plist */ = {isa = PBXFileReference; lastKnownFileType = text.plist.xml; path = Info.plist; sourceTree = "<group>"; };
		19E1CBF42744687200BB0CDB /* ios-trab-finalTests.xctest */ = {isa = PBXFileReference; explicitFileType = wrapper.cfbundle; includeInIndex = 0; path = "ios-trab-finalTests.xctest"; sourceTree = BUILT_PRODUCTS_DIR; };
		19E1CBF82744687200BB0CDB /* ios_trab_finalTests.swift */ = {isa = PBXFileReference; lastKnownFileType = sourcecode.swift; path = ios_trab_finalTests.swift; sourceTree = "<group>"; };
		19E1CBFE2744687300BB0CDB /* ios-trab-finalUITests.xctest */ = {isa = PBXFileReference; explicitFileType = wrapper.cfbundle; includeInIndex = 0; path = "ios-trab-finalUITests.xctest"; sourceTree = BUILT_PRODUCTS_DIR; };
		19E1CC022744687300BB0CDB /* ios_trab_finalUITests.swift */ = {isa = PBXFileReference; lastKnownFileType = sourcecode.swift; path = ios_trab_finalUITests.swift; sourceTree = "<group>"; };
		19E1CC042744687300BB0CDB /* ios_trab_finalUITestsLaunchTests.swift */ = {isa = PBXFileReference; lastKnownFileType = sourcecode.swift; path = ios_trab_finalUITestsLaunchTests.swift; sourceTree = "<group>"; };
		19E1CC142744739500BB0CDB /* InitialView.swift */ = {isa = PBXFileReference; lastKnownFileType = sourcecode.swift; path = InitialView.swift; sourceTree = "<group>"; };
		19E1CC18274473A500BB0CDB /* DetailView.swift */ = {isa = PBXFileReference; lastKnownFileType = sourcecode.swift; path = DetailView.swift; sourceTree = "<group>"; };
		19E1CC1C274473B700BB0CDB /* InitialCollectionViewController.swift */ = {isa = PBXFileReference; lastKnownFileType = sourcecode.swift; path = InitialCollectionViewController.swift; sourceTree = "<group>"; };
		19E1CC20274473CE00BB0CDB /* DetaillViewController.swift */ = {isa = PBXFileReference; lastKnownFileType = sourcecode.swift; path = DetaillViewController.swift; sourceTree = "<group>"; };
		19E1CC24274473E400BB0CDB /* InitialViewProps.swift */ = {isa = PBXFileReference; lastKnownFileType = sourcecode.swift; path = InitialViewProps.swift; sourceTree = "<group>"; };
		19E1CC28274473F900BB0CDB /* DetailViewProps.swift */ = {isa = PBXFileReference; lastKnownFileType = sourcecode.swift; path = DetailViewProps.swift; sourceTree = "<group>"; };
		19E1CC2D2744746100BB0CDB /* ViewModel.swift */ = {isa = PBXFileReference; lastKnownFileType = sourcecode.swift; path = ViewModel.swift; sourceTree = "<group>"; };
		3DBA5D6E031BF9E84B6BD9B5 /* Pods-ios-trab-final.debug.xcconfig */ = {isa = PBXFileReference; includeInIndex = 1; lastKnownFileType = text.xcconfig; name = "Pods-ios-trab-final.debug.xcconfig"; path = "Target Support Files/Pods-ios-trab-final/Pods-ios-trab-final.debug.xcconfig"; sourceTree = "<group>"; };
		4C9AF8B88071B51AE7B845A3 /* Pods_ios_trab_final.framework */ = {isa = PBXFileReference; explicitFileType = wrapper.framework; includeInIndex = 0; path = Pods_ios_trab_final.framework; sourceTree = BUILT_PRODUCTS_DIR; };
		CE5C394887E879203E75B1F6 /* Pods-ios-trab-final.release.xcconfig */ = {isa = PBXFileReference; includeInIndex = 1; lastKnownFileType = text.xcconfig; name = "Pods-ios-trab-final.release.xcconfig"; path = "Target Support Files/Pods-ios-trab-final/Pods-ios-trab-final.release.xcconfig"; sourceTree = "<group>"; };
/* End PBXFileReference section */

/* Begin PBXFrameworksBuildPhase section */
		19E1CBDB2744687100BB0CDB /* Frameworks */ = {
			isa = PBXFrameworksBuildPhase;
			buildActionMask = 2147483647;
			files = (
				DCBCC97569B31F43893E5A45 /* Pods_ios_trab_final.framework in Frameworks */,
			);
			runOnlyForDeploymentPostprocessing = 0;
		};
		19E1CBF12744687200BB0CDB /* Frameworks */ = {
			isa = PBXFrameworksBuildPhase;
			buildActionMask = 2147483647;
			files = (
			);
			runOnlyForDeploymentPostprocessing = 0;
		};
		19E1CBFB2744687200BB0CDB /* Frameworks */ = {
			isa = PBXFrameworksBuildPhase;
			buildActionMask = 2147483647;
			files = (
			);
			runOnlyForDeploymentPostprocessing = 0;
		};
/* End PBXFrameworksBuildPhase section */

/* Begin PBXGroup section */
		1912A41F274E8A3A00AE854B /* Services */ = {
			isa = PBXGroup;
			children = (
				1912A420274E8A4B00AE854B /* MoviesAPI.swift */,
			);
			path = Services;
			sourceTree = "<group>";
		};
		19E1CBD52744687100BB0CDB = {
			isa = PBXGroup;
			children = (
				19E1CBE02744687100BB0CDB /* ios-trab-final */,
				19E1CBF72744687200BB0CDB /* ios-trab-finalTests */,
				19E1CC012744687300BB0CDB /* ios-trab-finalUITests */,
				19E1CBDF2744687100BB0CDB /* Products */,
				90AFCF1E869C8881EB0C5D51 /* Pods */,
				CD15A585940A6162F794A549 /* Frameworks */,
			);
			sourceTree = "<group>";
		};
		19E1CBDF2744687100BB0CDB /* Products */ = {
			isa = PBXGroup;
			children = (
				19E1CBDE2744687100BB0CDB /* ios-trab-final.app */,
				19E1CBF42744687200BB0CDB /* ios-trab-finalTests.xctest */,
				19E1CBFE2744687300BB0CDB /* ios-trab-finalUITests.xctest */,
			);
			name = Products;
			sourceTree = "<group>";
		};
		19E1CBE02744687100BB0CDB /* ios-trab-final */ = {
			isa = PBXGroup;
			children = (
				1912A41F274E8A3A00AE854B /* Services */,
				19E1CC132744735900BB0CDB /* ViewModel */,
				19E1CC122744734800BB0CDB /* ViewController */,
				19E1CC112744733100BB0CDB /* View */,
				19E1CBE12744687100BB0CDB /* AppDelegate.swift */,
				19E1CBE32744687100BB0CDB /* SceneDelegate.swift */,
				19E1CBE52744687100BB0CDB /* ViewController.swift */,
				19E1CBEA2744687200BB0CDB /* Assets.xcassets */,
				19E1CBEF2744687200BB0CDB /* Info.plist */,
			);
			path = "ios-trab-final";
			sourceTree = "<group>";
		};
		19E1CBF72744687200BB0CDB /* ios-trab-finalTests */ = {
			isa = PBXGroup;
			children = (
				19E1CBF82744687200BB0CDB /* ios_trab_finalTests.swift */,
			);
			path = "ios-trab-finalTests";
			sourceTree = "<group>";
		};
		19E1CC012744687300BB0CDB /* ios-trab-finalUITests */ = {
			isa = PBXGroup;
			children = (
				19E1CC022744687300BB0CDB /* ios_trab_finalUITests.swift */,
				19E1CC042744687300BB0CDB /* ios_trab_finalUITestsLaunchTests.swift */,
			);
			path = "ios-trab-finalUITests";
			sourceTree = "<group>";
		};
		19E1CC112744733100BB0CDB /* View */ = {
			isa = PBXGroup;
			children = (
				19E1CC2C274473FF00BB0CDB /* ViewProps */,
				19E1CC142744739500BB0CDB /* InitialView.swift */,
				19E1CC18274473A500BB0CDB /* DetailView.swift */,
			);
			path = View;
			sourceTree = "<group>";
		};
		19E1CC122744734800BB0CDB /* ViewController */ = {
			isa = PBXGroup;
			children = (
				19E1CC1C274473B700BB0CDB /* InitialCollectionViewController.swift */,
				19E1CC20274473CE00BB0CDB /* DetaillViewController.swift */,
			);
			path = ViewController;
			sourceTree = "<group>";
		};
		19E1CC132744735900BB0CDB /* ViewModel */ = {
			isa = PBXGroup;
			children = (
				19E1CC2D2744746100BB0CDB /* ViewModel.swift */,
			);
			path = ViewModel;
			sourceTree = "<group>";
		};
		19E1CC2C274473FF00BB0CDB /* ViewProps */ = {
			isa = PBXGroup;
			children = (
				19E1CC24274473E400BB0CDB /* InitialViewProps.swift */,
				19E1CC28274473F900BB0CDB /* DetailViewProps.swift */,
			);
			path = ViewProps;
			sourceTree = "<group>";
		};
		90AFCF1E869C8881EB0C5D51 /* Pods */ = {
			isa = PBXGroup;
			children = (
				3DBA5D6E031BF9E84B6BD9B5 /* Pods-ios-trab-final.debug.xcconfig */,
				CE5C394887E879203E75B1F6 /* Pods-ios-trab-final.release.xcconfig */,
			);
			path = Pods;
			sourceTree = "<group>";
		};
		CD15A585940A6162F794A549 /* Frameworks */ = {
			isa = PBXGroup;
			children = (
				4C9AF8B88071B51AE7B845A3 /* Pods_ios_trab_final.framework */,
			);
			name = Frameworks;
			sourceTree = "<group>";
		};
/* End PBXGroup section */

/* Begin PBXNativeTarget section */
		19E1CBDD2744687100BB0CDB /* ios-trab-final */ = {
			isa = PBXNativeTarget;
			buildConfigurationList = 19E1CC082744687300BB0CDB /* Build configuration list for PBXNativeTarget "ios-trab-final" */;
			buildPhases = (
				BCF3D48246EDA1284F845B43 /* [CP] Check Pods Manifest.lock */,
				19E1CBDA2744687100BB0CDB /* Sources */,
				19E1CBDB2744687100BB0CDB /* Frameworks */,
				19E1CBDC2744687100BB0CDB /* Resources */,
				93283B1ACAECC6FABAAFF39B /* [CP] Embed Pods Frameworks */,
			);
			buildRules = (
			);
			dependencies = (
			);
			name = "ios-trab-final";
			productName = "ios-trab-final";
			productReference = 19E1CBDE2744687100BB0CDB /* ios-trab-final.app */;
			productType = "com.apple.product-type.application";
		};
		19E1CBF32744687200BB0CDB /* ios-trab-finalTests */ = {
			isa = PBXNativeTarget;
			buildConfigurationList = 19E1CC0B2744687300BB0CDB /* Build configuration list for PBXNativeTarget "ios-trab-finalTests" */;
			buildPhases = (
				19E1CBF02744687200BB0CDB /* Sources */,
				19E1CBF12744687200BB0CDB /* Frameworks */,
				19E1CBF22744687200BB0CDB /* Resources */,
			);
			buildRules = (
			);
			dependencies = (
				19E1CBF62744687200BB0CDB /* PBXTargetDependency */,
			);
			name = "ios-trab-finalTests";
			productName = "ios-trab-finalTests";
			productReference = 19E1CBF42744687200BB0CDB /* ios-trab-finalTests.xctest */;
			productType = "com.apple.product-type.bundle.unit-test";
		};
		19E1CBFD2744687200BB0CDB /* ios-trab-finalUITests */ = {
			isa = PBXNativeTarget;
			buildConfigurationList = 19E1CC0E2744687300BB0CDB /* Build configuration list for PBXNativeTarget "ios-trab-finalUITests" */;
			buildPhases = (
				19E1CBFA2744687200BB0CDB /* Sources */,
				19E1CBFB2744687200BB0CDB /* Frameworks */,
				19E1CBFC2744687200BB0CDB /* Resources */,
			);
			buildRules = (
			);
			dependencies = (
				19E1CC002744687300BB0CDB /* PBXTargetDependency */,
			);
			name = "ios-trab-finalUITests";
			productName = "ios-trab-finalUITests";
			productReference = 19E1CBFE2744687300BB0CDB /* ios-trab-finalUITests.xctest */;
			productType = "com.apple.product-type.bundle.ui-testing";
		};
/* End PBXNativeTarget section */

/* Begin PBXProject section */
		19E1CBD62744687100BB0CDB /* Project object */ = {
			isa = PBXProject;
			attributes = {
				BuildIndependentTargetsInParallel = 1;
				LastSwiftUpdateCheck = 1310;
				LastUpgradeCheck = 1310;
				TargetAttributes = {
					19E1CBDD2744687100BB0CDB = {
						CreatedOnToolsVersion = 13.1;
					};
					19E1CBF32744687200BB0CDB = {
						CreatedOnToolsVersion = 13.1;
						TestTargetID = 19E1CBDD2744687100BB0CDB;
					};
					19E1CBFD2744687200BB0CDB = {
						CreatedOnToolsVersion = 13.1;
						TestTargetID = 19E1CBDD2744687100BB0CDB;
					};
				};
			};
			buildConfigurationList = 19E1CBD92744687100BB0CDB /* Build configuration list for PBXProject "ios-trab-final" */;
			compatibilityVersion = "Xcode 9.3";
			developmentRegion = en;
			hasScannedForEncodings = 0;
			knownRegions = (
				en,
				Base,
			);
			mainGroup = 19E1CBD52744687100BB0CDB;
			productRefGroup = 19E1CBDF2744687100BB0CDB /* Products */;
			projectDirPath = "";
			projectRoot = "";
			targets = (
				19E1CBDD2744687100BB0CDB /* ios-trab-final */,
				19E1CBF32744687200BB0CDB /* ios-trab-finalTests */,
				19E1CBFD2744687200BB0CDB /* ios-trab-finalUITests */,
			);
		};
/* End PBXProject section */

/* Begin PBXResourcesBuildPhase section */
		19E1CBDC2744687100BB0CDB /* Resources */ = {
			isa = PBXResourcesBuildPhase;
			buildActionMask = 2147483647;
			files = (
				19E1CBEB2744687200BB0CDB /* Assets.xcassets in Resources */,
			);
			runOnlyForDeploymentPostprocessing = 0;
		};
		19E1CBF22744687200BB0CDB /* Resources */ = {
			isa = PBXResourcesBuildPhase;
			buildActionMask = 2147483647;
			files = (
			);
			runOnlyForDeploymentPostprocessing = 0;
		};
		19E1CBFC2744687200BB0CDB /* Resources */ = {
			isa = PBXResourcesBuildPhase;
			buildActionMask = 2147483647;
			files = (
			);
			runOnlyForDeploymentPostprocessing = 0;
		};
/* End PBXResourcesBuildPhase section */

/* Begin PBXShellScriptBuildPhase section */
		93283B1ACAECC6FABAAFF39B /* [CP] Embed Pods Frameworks */ = {
			isa = PBXShellScriptBuildPhase;
			buildActionMask = 2147483647;
			files = (
			);
			inputFileListPaths = (
				"${PODS_ROOT}/Target Support Files/Pods-ios-trab-final/Pods-ios-trab-final-frameworks-${CONFIGURATION}-input-files.xcfilelist",
			);
			name = "[CP] Embed Pods Frameworks";
			outputFileListPaths = (
				"${PODS_ROOT}/Target Support Files/Pods-ios-trab-final/Pods-ios-trab-final-frameworks-${CONFIGURATION}-output-files.xcfilelist",
			);
			runOnlyForDeploymentPostprocessing = 0;
			shellPath = /bin/sh;
			shellScript = "\"${PODS_ROOT}/Target Support Files/Pods-ios-trab-final/Pods-ios-trab-final-frameworks.sh\"\n";
			showEnvVarsInLog = 0;
		};
		BCF3D48246EDA1284F845B43 /* [CP] Check Pods Manifest.lock */ = {
			isa = PBXShellScriptBuildPhase;
			buildActionMask = 2147483647;
			files = (
			);
			inputFileListPaths = (
			);
			inputPaths = (
				"${PODS_PODFILE_DIR_PATH}/Podfile.lock",
				"${PODS_ROOT}/Manifest.lock",
			);
			name = "[CP] Check Pods Manifest.lock";
			outputFileListPaths = (
			);
			outputPaths = (
				"$(DERIVED_FILE_DIR)/Pods-ios-trab-final-checkManifestLockResult.txt",
			);
			runOnlyForDeploymentPostprocessing = 0;
			shellPath = /bin/sh;
			shellScript = "diff \"${PODS_PODFILE_DIR_PATH}/Podfile.lock\" \"${PODS_ROOT}/Manifest.lock\" > /dev/null\nif [ $? != 0 ] ; then\n    # print error to STDERR\n    echo \"error: The sandbox is not in sync with the Podfile.lock. Run 'pod install' or update your CocoaPods installation.\" >&2\n    exit 1\nfi\n# This output is used by Xcode 'outputs' to avoid re-running this script phase.\necho \"SUCCESS\" > \"${SCRIPT_OUTPUT_FILE_0}\"\n";
			showEnvVarsInLog = 0;
		};
/* End PBXShellScriptBuildPhase section */

/* Begin PBXSourcesBuildPhase section */
		19E1CBDA2744687100BB0CDB /* Sources */ = {
			isa = PBXSourcesBuildPhase;
			buildActionMask = 2147483647;
			files = (
				19E1CC2E2744746100BB0CDB /* ViewModel.swift in Sources */,
				19E1CBE62744687100BB0CDB /* ViewController.swift in Sources */,
				19E1CC152744739500BB0CDB /* InitialView.swift in Sources */,
				19E1CC25274473E400BB0CDB /* InitialViewProps.swift in Sources */,
				19E1CBE22744687100BB0CDB /* AppDelegate.swift in Sources */,
				19E1CC1D274473B700BB0CDB /* InitialCollectionViewController.swift in Sources */,
				19E1CC29274473F900BB0CDB /* DetailViewProps.swift in Sources */,
				19E1CC21274473CE00BB0CDB /* DetaillViewController.swift in Sources */,
				19E1CC19274473A500BB0CDB /* DetailView.swift in Sources */,
				19E1CBE42744687100BB0CDB /* SceneDelegate.swift in Sources */,
				1912A421274E8A4B00AE854B /* MoviesAPI.swift in Sources */,
			);
			runOnlyForDeploymentPostprocessing = 0;
		};
		19E1CBF02744687200BB0CDB /* Sources */ = {
			isa = PBXSourcesBuildPhase;
			buildActionMask = 2147483647;
			files = (
				19E1CC22274473CE00BB0CDB /* DetaillViewController.swift in Sources */,
				19E1CBF92744687200BB0CDB /* ios_trab_finalTests.swift in Sources */,
				19E1CC26274473E400BB0CDB /* InitialViewProps.swift in Sources */,
				19E1CC1A274473A500BB0CDB /* DetailView.swift in Sources */,
				19E1CC162744739500BB0CDB /* InitialView.swift in Sources */,
				19E1CC1E274473B700BB0CDB /* InitialCollectionViewController.swift in Sources */,
				19E1CC2F2744746100BB0CDB /* ViewModel.swift in Sources */,
				19E1CC2A274473F900BB0CDB /* DetailViewProps.swift in Sources */,
			);
			runOnlyForDeploymentPostprocessing = 0;
		};
		19E1CBFA2744687200BB0CDB /* Sources */ = {
			isa = PBXSourcesBuildPhase;
			buildActionMask = 2147483647;
			files = (
				19E1CC1F274473B700BB0CDB /* InitialCollectionViewController.swift in Sources */,
				19E1CC302744746100BB0CDB /* ViewModel.swift in Sources */,
				19E1CC172744739500BB0CDB /* InitialView.swift in Sources */,
				19E1CC2B274473F900BB0CDB /* DetailViewProps.swift in Sources */,
				19E1CC1B274473A500BB0CDB /* DetailView.swift in Sources */,
				19E1CC052744687300BB0CDB /* ios_trab_finalUITestsLaunchTests.swift in Sources */,
				19E1CC27274473E400BB0CDB /* InitialViewProps.swift in Sources */,
				19E1CC23274473CE00BB0CDB /* DetaillViewController.swift in Sources */,
				19E1CC032744687300BB0CDB /* ios_trab_finalUITests.swift in Sources */,
			);
			runOnlyForDeploymentPostprocessing = 0;
		};
/* End PBXSourcesBuildPhase section */

/* Begin PBXTargetDependency section */
		19E1CBF62744687200BB0CDB /* PBXTargetDependency */ = {
			isa = PBXTargetDependency;
			target = 19E1CBDD2744687100BB0CDB /* ios-trab-final */;
			targetProxy = 19E1CBF52744687200BB0CDB /* PBXContainerItemProxy */;
		};
		19E1CC002744687300BB0CDB /* PBXTargetDependency */ = {
			isa = PBXTargetDependency;
			target = 19E1CBDD2744687100BB0CDB /* ios-trab-final */;
			targetProxy = 19E1CBFF2744687300BB0CDB /* PBXContainerItemProxy */;
		};
/* End PBXTargetDependency section */

/* Begin XCBuildConfiguration section */
		19E1CC062744687300BB0CDB /* Debug */ = {
			isa = XCBuildConfiguration;
			buildSettings = {
				ALWAYS_SEARCH_USER_PATHS = NO;
				CLANG_ANALYZER_NONNULL = YES;
				CLANG_ANALYZER_NUMBER_OBJECT_CONVERSION = YES_AGGRESSIVE;
				CLANG_CXX_LANGUAGE_STANDARD = "gnu++17";
				CLANG_CXX_LIBRARY = "libc++";
				CLANG_ENABLE_MODULES = YES;
				CLANG_ENABLE_OBJC_ARC = YES;
				CLANG_ENABLE_OBJC_WEAK = YES;
				CLANG_WARN_BLOCK_CAPTURE_AUTORELEASING = YES;
				CLANG_WARN_BOOL_CONVERSION = YES;
				CLANG_WARN_COMMA = YES;
				CLANG_WARN_CONSTANT_CONVERSION = YES;
				CLANG_WARN_DEPRECATED_OBJC_IMPLEMENTATIONS = YES;
				CLANG_WARN_DIRECT_OBJC_ISA_USAGE = YES_ERROR;
				CLANG_WARN_DOCUMENTATION_COMMENTS = YES;
				CLANG_WARN_EMPTY_BODY = YES;
				CLANG_WARN_ENUM_CONVERSION = YES;
				CLANG_WARN_INFINITE_RECURSION = YES;
				CLANG_WARN_INT_CONVERSION = YES;
				CLANG_WARN_NON_LITERAL_NULL_CONVERSION = YES;
				CLANG_WARN_OBJC_IMPLICIT_RETAIN_SELF = YES;
				CLANG_WARN_OBJC_LITERAL_CONVERSION = YES;
				CLANG_WARN_OBJC_ROOT_CLASS = YES_ERROR;
				CLANG_WARN_QUOTED_INCLUDE_IN_FRAMEWORK_HEADER = YES;
				CLANG_WARN_RANGE_LOOP_ANALYSIS = YES;
				CLANG_WARN_STRICT_PROTOTYPES = YES;
				CLANG_WARN_SUSPICIOUS_MOVE = YES;
				CLANG_WARN_UNGUARDED_AVAILABILITY = YES_AGGRESSIVE;
				CLANG_WARN_UNREACHABLE_CODE = YES;
				CLANG_WARN__DUPLICATE_METHOD_MATCH = YES;
				COPY_PHASE_STRIP = NO;
				DEBUG_INFORMATION_FORMAT = dwarf;
				ENABLE_STRICT_OBJC_MSGSEND = YES;
				ENABLE_TESTABILITY = YES;
				GCC_C_LANGUAGE_STANDARD = gnu11;
				GCC_DYNAMIC_NO_PIC = NO;
				GCC_NO_COMMON_BLOCKS = YES;
				GCC_OPTIMIZATION_LEVEL = 0;
				GCC_PREPROCESSOR_DEFINITIONS = (
					"DEBUG=1",
					"$(inherited)",
				);
				GCC_WARN_64_TO_32_BIT_CONVERSION = YES;
				GCC_WARN_ABOUT_RETURN_TYPE = YES_ERROR;
				GCC_WARN_UNDECLARED_SELECTOR = YES;
				GCC_WARN_UNINITIALIZED_AUTOS = YES_AGGRESSIVE;
				GCC_WARN_UNUSED_FUNCTION = YES;
				GCC_WARN_UNUSED_VARIABLE = YES;
				IPHONEOS_DEPLOYMENT_TARGET = 15.0;
				MTL_ENABLE_DEBUG_INFO = INCLUDE_SOURCE;
				MTL_FAST_MATH = YES;
				ONLY_ACTIVE_ARCH = YES;
				SDKROOT = iphoneos;
				SWIFT_ACTIVE_COMPILATION_CONDITIONS = DEBUG;
				SWIFT_OPTIMIZATION_LEVEL = "-Onone";
			};
			name = Debug;
		};
		19E1CC072744687300BB0CDB /* Release */ = {
			isa = XCBuildConfiguration;
			buildSettings = {
				ALWAYS_SEARCH_USER_PATHS = NO;
				CLANG_ANALYZER_NONNULL = YES;
				CLANG_ANALYZER_NUMBER_OBJECT_CONVERSION = YES_AGGRESSIVE;
				CLANG_CXX_LANGUAGE_STANDARD = "gnu++17";
				CLANG_CXX_LIBRARY = "libc++";
				CLANG_ENABLE_MODULES = YES;
				CLANG_ENABLE_OBJC_ARC = YES;
				CLANG_ENABLE_OBJC_WEAK = YES;
				CLANG_WARN_BLOCK_CAPTURE_AUTORELEASING = YES;
				CLANG_WARN_BOOL_CONVERSION = YES;
				CLANG_WARN_COMMA = YES;
				CLANG_WARN_CONSTANT_CONVERSION = YES;
				CLANG_WARN_DEPRECATED_OBJC_IMPLEMENTATIONS = YES;
				CLANG_WARN_DIRECT_OBJC_ISA_USAGE = YES_ERROR;
				CLANG_WARN_DOCUMENTATION_COMMENTS = YES;
				CLANG_WARN_EMPTY_BODY = YES;
				CLANG_WARN_ENUM_CONVERSION = YES;
				CLANG_WARN_INFINITE_RECURSION = YES;
				CLANG_WARN_INT_CONVERSION = YES;
				CLANG_WARN_NON_LITERAL_NULL_CONVERSION = YES;
				CLANG_WARN_OBJC_IMPLICIT_RETAIN_SELF = YES;
				CLANG_WARN_OBJC_LITERAL_CONVERSION = YES;
				CLANG_WARN_OBJC_ROOT_CLASS = YES_ERROR;
				CLANG_WARN_QUOTED_INCLUDE_IN_FRAMEWORK_HEADER = YES;
				CLANG_WARN_RANGE_LOOP_ANALYSIS = YES;
				CLANG_WARN_STRICT_PROTOTYPES = YES;
				CLANG_WARN_SUSPICIOUS_MOVE = YES;
				CLANG_WARN_UNGUARDED_AVAILABILITY = YES_AGGRESSIVE;
				CLANG_WARN_UNREACHABLE_CODE = YES;
				CLANG_WARN__DUPLICATE_METHOD_MATCH = YES;
				COPY_PHASE_STRIP = NO;
				DEBUG_INFORMATION_FORMAT = "dwarf-with-dsym";
				ENABLE_NS_ASSERTIONS = NO;
				ENABLE_STRICT_OBJC_MSGSEND = YES;
				GCC_C_LANGUAGE_STANDARD = gnu11;
				GCC_NO_COMMON_BLOCKS = YES;
				GCC_WARN_64_TO_32_BIT_CONVERSION = YES;
				GCC_WARN_ABOUT_RETURN_TYPE = YES_ERROR;
				GCC_WARN_UNDECLARED_SELECTOR = YES;
				GCC_WARN_UNINITIALIZED_AUTOS = YES_AGGRESSIVE;
				GCC_WARN_UNUSED_FUNCTION = YES;
				GCC_WARN_UNUSED_VARIABLE = YES;
				IPHONEOS_DEPLOYMENT_TARGET = 15.0;
				MTL_ENABLE_DEBUG_INFO = NO;
				MTL_FAST_MATH = YES;
				SDKROOT = iphoneos;
				SWIFT_COMPILATION_MODE = wholemodule;
				SWIFT_OPTIMIZATION_LEVEL = "-O";
				VALIDATE_PRODUCT = YES;
			};
			name = Release;
		};
		19E1CC092744687300BB0CDB /* Debug */ = {
			isa = XCBuildConfiguration;
			baseConfigurationReference = 3DBA5D6E031BF9E84B6BD9B5 /* Pods-ios-trab-final.debug.xcconfig */;
			buildSettings = {
				ASSETCATALOG_COMPILER_APPICON_NAME = AppIcon;
				ASSETCATALOG_COMPILER_GLOBAL_ACCENT_COLOR_NAME = AccentColor;
				CODE_SIGN_IDENTITY = "Apple Development";
				CODE_SIGN_STYLE = Manual;
				CURRENT_PROJECT_VERSION = 1;
				DEVELOPMENT_TEAM = "";
				GENERATE_INFOPLIST_FILE = YES;
				INFOPLIST_FILE = "ios-trab-final/Info.plist";
				INFOPLIST_KEY_UIApplicationSupportsIndirectInputEvents = YES;
				INFOPLIST_KEY_UISupportedInterfaceOrientations_iPad = "UIInterfaceOrientationPortrait UIInterfaceOrientationPortraitUpsideDown UIInterfaceOrientationLandscapeLeft UIInterfaceOrientationLandscapeRight";
				INFOPLIST_KEY_UISupportedInterfaceOrientations_iPhone = "UIInterfaceOrientationPortrait UIInterfaceOrientationLandscapeLeft UIInterfaceOrientationLandscapeRight";
				LD_RUNPATH_SEARCH_PATHS = (
					"$(inherited)",
					"@executable_path/Frameworks",
				);
				MARKETING_VERSION = 1.0;
				PRODUCT_BUNDLE_IDENTIFIER = "alaene.ios-trab-final";
				PRODUCT_NAME = "$(TARGET_NAME)";
				PROVISIONING_PROFILE_SPECIFIER = "";
				SWIFT_EMIT_LOC_STRINGS = YES;
				SWIFT_VERSION = 5.0;
				TARGETED_DEVICE_FAMILY = 1;
			};
			name = Debug;
		};
		19E1CC0A2744687300BB0CDB /* Release */ = {
			isa = XCBuildConfiguration;
			baseConfigurationReference = CE5C394887E879203E75B1F6 /* Pods-ios-trab-final.release.xcconfig */;
			buildSettings = {
				ASSETCATALOG_COMPILER_APPICON_NAME = AppIcon;
				ASSETCATALOG_COMPILER_GLOBAL_ACCENT_COLOR_NAME = AccentColor;
				CODE_SIGN_IDENTITY = "Apple Development";
				CODE_SIGN_STYLE = Manual;
				CURRENT_PROJECT_VERSION = 1;
				DEVELOPMENT_TEAM = "";
				GENERATE_INFOPLIST_FILE = YES;
				INFOPLIST_FILE = "ios-trab-final/Info.plist";
				INFOPLIST_KEY_UIApplicationSupportsIndirectInputEvents = YES;
				INFOPLIST_KEY_UISupportedInterfaceOrientations_iPad = "UIInterfaceOrientationPortrait UIInterfaceOrientationPortraitUpsideDown UIInterfaceOrientationLandscapeLeft UIInterfaceOrientationLandscapeRight";
				INFOPLIST_KEY_UISupportedInterfaceOrientations_iPhone = "UIInterfaceOrientationPortrait UIInterfaceOrientationLandscapeLeft UIInterfaceOrientationLandscapeRight";
				LD_RUNPATH_SEARCH_PATHS = (
					"$(inherited)",
					"@executable_path/Frameworks",
				);
				MARKETING_VERSION = 1.0;
				PRODUCT_BUNDLE_IDENTIFIER = "alaene.ios-trab-final";
				PRODUCT_NAME = "$(TARGET_NAME)";
				PROVISIONING_PROFILE_SPECIFIER = "";
				SWIFT_EMIT_LOC_STRINGS = YES;
				SWIFT_VERSION = 5.0;
				TARGETED_DEVICE_FAMILY = 1;
			};
			name = Release;
		};
		19E1CC0C2744687300BB0CDB /* Debug */ = {
			isa = XCBuildConfiguration;
			buildSettings = {
				ALWAYS_EMBED_SWIFT_STANDARD_LIBRARIES = YES;
				BUNDLE_LOADER = "$(TEST_HOST)";
				CODE_SIGN_STYLE = Automatic;
				CURRENT_PROJECT_VERSION = 1;
				GENERATE_INFOPLIST_FILE = YES;
				IPHONEOS_DEPLOYMENT_TARGET = 15.0;
				LD_RUNPATH_SEARCH_PATHS = (
					"$(inherited)",
					"@executable_path/Frameworks",
					"@loader_path/Frameworks",
				);
				MARKETING_VERSION = 1.0;
				PRODUCT_BUNDLE_IDENTIFIER = "alaene.ios-trab-finalTests";
				PRODUCT_NAME = "$(TARGET_NAME)";
				SWIFT_EMIT_LOC_STRINGS = NO;
				SWIFT_VERSION = 5.0;
				TARGETED_DEVICE_FAMILY = "1,2";
				TEST_HOST = "$(BUILT_PRODUCTS_DIR)/ios-trab-final.app/ios-trab-final";
			};
			name = Debug;
		};
		19E1CC0D2744687300BB0CDB /* Release */ = {
			isa = XCBuildConfiguration;
			buildSettings = {
				ALWAYS_EMBED_SWIFT_STANDARD_LIBRARIES = YES;
				BUNDLE_LOADER = "$(TEST_HOST)";
				CODE_SIGN_STYLE = Automatic;
				CURRENT_PROJECT_VERSION = 1;
				GENERATE_INFOPLIST_FILE = YES;
				IPHONEOS_DEPLOYMENT_TARGET = 15.0;
				LD_RUNPATH_SEARCH_PATHS = (
					"$(inherited)",
					"@executable_path/Frameworks",
					"@loader_path/Frameworks",
				);
				MARKETING_VERSION = 1.0;
				PRODUCT_BUNDLE_IDENTIFIER = "alaene.ios-trab-finalTests";
				PRODUCT_NAME = "$(TARGET_NAME)";
				SWIFT_EMIT_LOC_STRINGS = NO;
				SWIFT_VERSION = 5.0;
				TARGETED_DEVICE_FAMILY = "1,2";
				TEST_HOST = "$(BUILT_PRODUCTS_DIR)/ios-trab-final.app/ios-trab-final";
			};
			name = Release;
		};
		19E1CC0F2744687300BB0CDB /* Debug */ = {
			isa = XCBuildConfiguration;
			buildSettings = {
				ALWAYS_EMBED_SWIFT_STANDARD_LIBRARIES = YES;
				CODE_SIGN_STYLE = Automatic;
				CURRENT_PROJECT_VERSION = 1;
				GENERATE_INFOPLIST_FILE = YES;
				LD_RUNPATH_SEARCH_PATHS = (
					"$(inherited)",
					"@executable_path/Frameworks",
					"@loader_path/Frameworks",
				);
				MARKETING_VERSION = 1.0;
				PRODUCT_BUNDLE_IDENTIFIER = "alaene.ios-trab-finalUITests";
				PRODUCT_NAME = "$(TARGET_NAME)";
				SWIFT_EMIT_LOC_STRINGS = NO;
				SWIFT_VERSION = 5.0;
				TARGETED_DEVICE_FAMILY = "1,2";
				TEST_TARGET_NAME = "ios-trab-final";
			};
			name = Debug;
		};
		19E1CC102744687300BB0CDB /* Release */ = {
			isa = XCBuildConfiguration;
			buildSettings = {
				ALWAYS_EMBED_SWIFT_STANDARD_LIBRARIES = YES;
				CODE_SIGN_STYLE = Automatic;
				CURRENT_PROJECT_VERSION = 1;
				GENERATE_INFOPLIST_FILE = YES;
				LD_RUNPATH_SEARCH_PATHS = (
					"$(inherited)",
					"@executable_path/Frameworks",
					"@loader_path/Frameworks",
				);
				MARKETING_VERSION = 1.0;
				PRODUCT_BUNDLE_IDENTIFIER = "alaene.ios-trab-finalUITests";
				PRODUCT_NAME = "$(TARGET_NAME)";
				SWIFT_EMIT_LOC_STRINGS = NO;
				SWIFT_VERSION = 5.0;
				TARGETED_DEVICE_FAMILY = "1,2";
				TEST_TARGET_NAME = "ios-trab-final";
			};
			name = Release;
		};
/* End XCBuildConfiguration section */

/* Begin XCConfigurationList section */
		19E1CBD92744687100BB0CDB /* Build configuration list for PBXProject "ios-trab-final" */ = {
			isa = XCConfigurationList;
			buildConfigurations = (
				19E1CC062744687300BB0CDB /* Debug */,
				19E1CC072744687300BB0CDB /* Release */,
			);
			defaultConfigurationIsVisible = 0;
			defaultConfigurationName = Release;
		};
		19E1CC082744687300BB0CDB /* Build configuration list for PBXNativeTarget "ios-trab-final" */ = {
			isa = XCConfigurationList;
			buildConfigurations = (
				19E1CC092744687300BB0CDB /* Debug */,
				19E1CC0A2744687300BB0CDB /* Release */,
			);
			defaultConfigurationIsVisible = 0;
			defaultConfigurationName = Release;
		};
		19E1CC0B2744687300BB0CDB /* Build configuration list for PBXNativeTarget "ios-trab-finalTests" */ = {
			isa = XCConfigurationList;
			buildConfigurations = (
				19E1CC0C2744687300BB0CDB /* Debug */,
				19E1CC0D2744687300BB0CDB /* Release */,
			);
			defaultConfigurationIsVisible = 0;
			defaultConfigurationName = Release;
		};
		19E1CC0E2744687300BB0CDB /* Build configuration list for PBXNativeTarget "ios-trab-finalUITests" */ = {
			isa = XCConfigurationList;
			buildConfigurations = (
				19E1CC0F2744687300BB0CDB /* Debug */,
				19E1CC102744687300BB0CDB /* Release */,
			);
			defaultConfigurationIsVisible = 0;
			defaultConfigurationName = Release;
		};
/* End XCConfigurationList section */
	};
	rootObject = 19E1CBD62744687100BB0CDB /* Project object */;
}
